
Microsoft Visual Studio Solution File, Format Version 12.00
# Visual Studio Version 17
VisualStudioVersion = 17.0.31903.59
MinimumVisualStudioVersion = 10.0.40219.1
Project("{FAE04EC0-301F-11D3-BF4B-00C04F79EFBC}") = "Ddth.Utilities", "Ddth.Utilities\Ddth.Utilities.csproj", "{FAB22FAC-D4CD-4912-8FF5-E6A572BA2C09}"
EndProject
Project("{FAE04EC0-301F-11D3-BF4B-00C04F79EFBC}") = "Ddth.Utilities.Tests", "Ddth.Utilities.Tests\Ddth.Utilities.Tests.csproj", "{3D5F4727-4CFA-44F0-943E-E31E426A968E}"
EndProject
Global
	GlobalSection(SolutionConfigurationPlatforms) = preSolution
		Debug|Any CPU = Debug|Any CPU
		Release|Any CPU = Release|Any CPU
	EndGlobalSection
	GlobalSection(SolutionProperties) = preSolution
		HideSolutionNode = FALSE
	EndGlobalSection
	GlobalSection(ProjectConfigurationPlatforms) = postSolution
		{FAB22FAC-D4CD-4912-8FF5-E6A572BA2C09}.Debug|Any CPU.ActiveCfg = Debug|Any CPU
		{FAB22FAC-D4CD-4912-8FF5-E6A572BA2C09}.Debug|Any CPU.Build.0 = Debug|Any CPU
		{FAB22FAC-D4CD-4912-8FF5-E6A572BA2C09}.Release|Any CPU.ActiveCfg = Release|Any CPU
		{FAB22FAC-D4CD-4912-8FF5-E6A572BA2C09}.Release|Any CPU.Build.0 = Release|Any CPU
		{3D5F4727-4CFA-44F0-943E-E31E426A968E}.Debug|Any CPU.ActiveCfg = Debug|Any CPU
		{3D5F4727-4CFA-44F0-943E-E31E426A968E}.Debug|Any CPU.Build.0 = Debug|Any CPU
		{3D5F4727-4CFA-44F0-943E-E31E426A968E}.Release|Any CPU.ActiveCfg = Release|Any CPU
		{3D5F4727-4CFA-44F0-943E-E31E426A968E}.Release|Any CPU.Build.0 = Release|Any CPU
	EndGlobalSection
EndGlobal
